PODS:
  - Alamofire (5.4.1)
  - JSON (5.0.0)
  - SwiftyJSON (5.0.0)

DEPENDENCIES:
  - Alamofire (~> 5.2)
  - JSON
  - SwiftyJSON

SPEC REPOS:
  trunk:
    - Alamofire
    - JSON
    - SwiftyJSON

SPEC CHECKSUMS:
  Alamofire: 2291f7d21ca607c491dd17642e5d40fdcda0e65c
  JSON: 93622160a062588b4cd3497b77ccd777f1fd0587
  SwiftyJSON: 36413e04c44ee145039d332b4f4e2d3e8d6c4db7

PODFILE CHECKSUM: 6fa5b91b88cfb5eeb3ba491813d827730fd31aa5

COCOAPODS: 1.8.4
